
Microsoft Visual Studio Solution File, Format Version 12.00
# Visual Studio 15
VisualStudioVersion = 15.0.28307.705
MinimumVisualStudioVersion = 10.0.40219.1
Project("{FAE04EC0-301F-11D3-BF4B-00C04F79EFBC}") = "RebarQuantityApplication", "RebarQuantityApplication\RebarQuantityApplication.csproj", "{B01F3F27-04EB-4C57-AFC7-B0B799B55F2B}"
EndProject
Global
	GlobalSection(SolutionConfigurationPlatforms) = preSolution
		Debug|Any CPU = Debug|Any CPU
		Release|Any CPU = Release|Any CPU
	EndGlobalSection
	GlobalSection(ProjectConfigurationPlatforms) = postSolution
		{B01F3F27-04EB-4C57-AFC7-B0B799B55F2B}.Debug|Any CPU.ActiveCfg = Debug|Any CPU
		{B01F3F27-04EB-4C57-AFC7-B0B799B55F2B}.Debug|Any CPU.Build.0 = Debug|Any CPU
		{B01F3F27-04EB-4C57-AFC7-B0B799B55F2B}.Release|Any CPU.ActiveCfg = Release|Any CPU
		{B01F3F27-04EB-4C57-AFC7-B0B799B55F2B}.Release|Any CPU.Build.0 = Release|Any CPU
	EndGlobalSection
	GlobalSection(SolutionProperties) = preSolution
		HideSolutionNode = FALSE
	EndGlobalSection
	GlobalSection(ExtensibilityGlobals) = postSolution
		SolutionGuid = {4870BC86-F1CF-4BDC-9F18-EF23D860F964}
	EndGlobalSection
EndGlobal
